
Microsoft Visual Studio Solution File, Format Version 12.00
# Visual Studio Version 17 
VisualStudioVersion = 17.3.32929.385
MinimumVisualStudioVersion = 10.0.40219.1
Project("{2150E333-8FDC-42A3-9474-1A3956D46DE8}") = "Infrastructure", "Infrastructure", "{462C3B3E-CB5C-41FE-B3C3-31E1498BB153}"
EndProject
Project("{2150E333-8FDC-42A3-9474-1A3956D46DE8}") = "Core", "Core", "{01705F9D-B56C-44B8-BC0C-C93EBCF06ACA}"
EndProject
Project("{2150E333-8FDC-42A3-9474-1A3956D46DE8}") = "Presentation", "Presentation", "{E74ABEA1-59BE-44A0-BB3E-B5F9EA0BB2E9}"
EndProject
Project("{9A19103F-16F7-4668-BE54-9A1E7A4F7556}") = "NovaStream.API", "Presentation\NovaStream.API\NovaStream.API.csproj", "{8EB6414B-1D1A-4268-B65E-666B6D542245}"
EndProject
Project("{9A19103F-16F7-4668-BE54-9A1E7A4F7556}") = "NovaStream.Infrastructure", "Infrastructure\NovaStream.Infrastructure\NovaStream.Infrastructure.csproj", "{0690BCF2-8D86-47FB-BC30-6E8213758947}"
EndProject
Project("{9A19103F-16F7-4668-BE54-9A1E7A4F7556}") = "NovaStream.Persistence", "Infrastructure\NovaStream.Persistence\NovaStream.Persistence.csproj", "{F2B02019-3C04-4F04-BB04-9F4FCBDF4E09}"
EndProject
Project("{9A19103F-16F7-4668-BE54-9A1E7A4F7556}") = "NovaStream.Application", "Core\NovaStream.Applicaton\NovaStream.Application.csproj", "{C9E7BCC0-BAC5-47A7-9B08-4CDF66126283}"
EndProject
Project("{9A19103F-16F7-4668-BE54-9A1E7A4F7556}") = "NovaStream.Domain", "Core\NovaStream.Domain\NovaStream.Domain.csproj", "{178B71BF-9389-4174-91F9-0A2D3D900C1A}"
EndProject
Project("{FAE04EC0-301F-11D3-BF4B-00C04F79EFBC}") = "NovaStream.Admin", "Presentation\NovaStream.Admin\NovaStream.Admin.csproj", "{F2DEF059-629B-4568-AFBE-CFAE07EB746A}"
EndProject
Global
	GlobalSection(SolutionConfigurationPlatforms) = preSolution
		Debug|Any CPU = Debug|Any CPU
		Release|Any CPU = Release|Any CPU
	EndGlobalSection
	GlobalSection(ProjectConfigurationPlatforms) = postSolution
		{8EB6414B-1D1A-4268-B65E-666B6D542245}.Debug|Any CPU.ActiveCfg = Debug|Any CPU
		{8EB6414B-1D1A-4268-B65E-666B6D542245}.Debug|Any CPU.Build.0 = Debug|Any CPU
		{8EB6414B-1D1A-4268-B65E-666B6D542245}.Release|Any CPU.ActiveCfg = Release|Any CPU
		{8EB6414B-1D1A-4268-B65E-666B6D542245}.Release|Any CPU.Build.0 = Release|Any CPU
		{0690BCF2-8D86-47FB-BC30-6E8213758947}.Debug|Any CPU.ActiveCfg = Debug|Any CPU
		{0690BCF2-8D86-47FB-BC30-6E8213758947}.Debug|Any CPU.Build.0 = Debug|Any CPU
		{0690BCF2-8D86-47FB-BC30-6E8213758947}.Release|Any CPU.ActiveCfg = Release|Any CPU
		{0690BCF2-8D86-47FB-BC30-6E8213758947}.Release|Any CPU.Build.0 = Release|Any CPU
		{F2B02019-3C04-4F04-BB04-9F4FCBDF4E09}.Debug|Any CPU.ActiveCfg = Debug|Any CPU
		{F2B02019-3C04-4F04-BB04-9F4FCBDF4E09}.Debug|Any CPU.Build.0 = Debug|Any CPU
		{F2B02019-3C04-4F04-BB04-9F4FCBDF4E09}.Release|Any CPU.ActiveCfg = Release|Any CPU
		{F2B02019-3C04-4F04-BB04-9F4FCBDF4E09}.Release|Any CPU.Build.0 = Release|Any CPU
		{C9E7BCC0-BAC5-47A7-9B08-4CDF66126283}.Debug|Any CPU.ActiveCfg = Debug|Any CPU
		{C9E7BCC0-BAC5-47A7-9B08-4CDF66126283}.Debug|Any CPU.Build.0 = Debug|Any CPU
		{C9E7BCC0-BAC5-47A7-9B08-4CDF66126283}.Release|Any CPU.ActiveCfg = Release|Any CPU
		{C9E7BCC0-BAC5-47A7-9B08-4CDF66126283}.Release|Any CPU.Build.0 = Release|Any CPU
		{178B71BF-9389-4174-91F9-0A2D3D900C1A}.Debug|Any CPU.ActiveCfg = Debug|Any CPU
		{178B71BF-9389-4174-91F9-0A2D3D900C1A}.Debug|Any CPU.Build.0 = Debug|Any CPU
		{178B71BF-9389-4174-91F9-0A2D3D900C1A}.Release|Any CPU.ActiveCfg = Release|Any CPU
		{178B71BF-9389-4174-91F9-0A2D3D900C1A}.Release|Any CPU.Build.0 = Release|Any CPU
		{F2DEF059-629B-4568-AFBE-CFAE07EB746A}.Debug|Any CPU.ActiveCfg = Debug|Any CPU
		{F2DEF059-629B-4568-AFBE-CFAE07EB746A}.Debug|Any CPU.Build.0 = Debug|Any CPU
		{F2DEF059-629B-4568-AFBE-CFAE07EB746A}.Release|Any CPU.ActiveCfg = Release|Any CPU
		{F2DEF059-629B-4568-AFBE-CFAE07EB746A}.Release|Any CPU.Build.0 = Release|Any CPU
	EndGlobalSection
	GlobalSection(SolutionProperties) = preSolution
		HideSolutionNode = FALSE
	EndGlobalSection
	GlobalSection(NestedProjects) = preSolution
		{8EB6414B-1D1A-4268-B65E-666B6D542245} = {E74ABEA1-59BE-44A0-BB3E-B5F9EA0BB2E9}
		{0690BCF2-8D86-47FB-BC30-6E8213758947} = {462C3B3E-CB5C-41FE-B3C3-31E1498BB153}
		{F2B02019-3C04-4F04-BB04-9F4FCBDF4E09} = {462C3B3E-CB5C-41FE-B3C3-31E1498BB153}
		{C9E7BCC0-BAC5-47A7-9B08-4CDF66126283} = {01705F9D-B56C-44B8-BC0C-C93EBCF06ACA}
		{178B71BF-9389-4174-91F9-0A2D3D900C1A} = {01705F9D-B56C-44B8-BC0C-C93EBCF06ACA}
		{F2DEF059-629B-4568-AFBE-CFAE07EB746A} = {E74ABEA1-59BE-44A0-BB3E-B5F9EA0BB2E9}
	EndGlobalSection
	GlobalSection(ExtensibilityGlobals) = postSolution
		SolutionGuid = {C5F3DC52-9E43-4E51-9729-6168934B3D06}
	EndGlobalSection
EndGlobal
